
Microsoft Visual Studio Solution File, Format Version 12.00
# Visual Studio Version 17
VisualStudioVersion = 17.3.32819.101
MinimumVisualStudioVersion = 10.0.40219.1
Project("{FAE04EC0-301F-11D3-BF4B-00C04F79EFBC}") = "CrEaTiiOn_PS3Classes", "CrEaTiiOn_PS3Classes\CrEaTiiOn_PS3Classes.csproj", "{E667009C-7F3A-4651-B3E6-06C22CDD684D}"
EndProject
Global
	GlobalSection(SolutionConfigurationPlatforms) = preSolution
		Debug|Any CPU = Debug|Any CPU
		Release|Any CPU = Release|Any CPU
	EndGlobalSection
	GlobalSection(ProjectConfigurationPlatforms) = postSolution
		{E667009C-7F3A-4651-B3E6-06C22CDD684D}.Debug|Any CPU.ActiveCfg = Debug|Any CPU
		{E667009C-7F3A-4651-B3E6-06C22CDD684D}.Debug|Any CPU.Build.0 = Debug|Any CPU
		{E667009C-7F3A-4651-B3E6-06C22CDD684D}.Release|Any CPU.ActiveCfg = Release|Any CPU
		{E667009C-7F3A-4651-B3E6-06C22CDD684D}.Release|Any CPU.Build.0 = Release|Any CPU
	EndGlobalSection
	GlobalSection(SolutionProperties) = preSolution
		HideSolutionNode = FALSE
	EndGlobalSection
	GlobalSection(ExtensibilityGlobals) = postSolution
		SolutionGuid = {B83D30ED-702E-4098-B9CA-82CC97938901}
	EndGlobalSection
EndGlobal
